// !$*UTF8*$!
{
	archiveVersion = 1;
	classes = {
	};
	objectVersion = 56;
	objects = {

/* Begin PBXBuildFile section */
		27F9EBAA7D836327D18226D7 /* Pods_Banner.framework in Frameworks */ = {isa = PBXBuildFile; fileRef = A18E691FE69D62D23F5109C5 /* Pods_Banner.framework */; };
		3AB68B649AF1FEC6FF65E8BC /* Pods_Banner_BannerUITests.framework in Frameworks */ = {isa = PBXBuildFile; fileRef = FC3498BA44755F1100FBCD0B /* Pods_Banner_BannerUITests.framework */; };
		B141DF522A211E19004B4EEC /* HomeViewController.swift in Sources */ = {isa = PBXBuildFile; fileRef = B141DF502A211E19004B4EEC /* HomeViewController.swift */; };
		B141DF532A211E19004B4EEC /* HomeViewController.xib in Resources */ = {isa = PBXBuildFile; fileRef = B141DF512A211E19004B4EEC /* HomeViewController.xib */; };
		B141DF552A212572004B4EEC /* LocationModel.swift in Sources */ = {isa = PBXBuildFile; fileRef = B141DF542A212572004B4EEC /* LocationModel.swift */; };
		B141DF572A21A10C004B4EEC /* LocationData.swift in Sources */ = {isa = PBXBuildFile; fileRef = B141DF562A21A10C004B4EEC /* LocationData.swift */; };
		B17A32E52A21158600031097 /* AppDelegate.swift in Sources */ = {isa = PBXBuildFile; fileRef = B17A32E42A21158600031097 /* AppDelegate.swift */; };
		B17A32E72A21158600031097 /* SceneDelegate.swift in Sources */ = {isa = PBXBuildFile; fileRef = B17A32E62A21158600031097 /* SceneDelegate.swift */; };
		B17A32EE2A21158700031097 /* Assets.xcassets in Resources */ = {isa = PBXBuildFile; fileRef = B17A32ED2A21158700031097 /* Assets.xcassets */; };
		B17A32F12A21158700031097 /* LaunchScreen.storyboard in Resources */ = {isa = PBXBuildFile; fileRef = B17A32EF2A21158700031097 /* LaunchScreen.storyboard */; };
		B17A32FC2A21158700031097 /* BannerTests.swift in Sources */ = {isa = PBXBuildFile; fileRef = B17A32FB2A21158700031097 /* BannerTests.swift */; };
		B17A33062A21158700031097 /* BannerUITests.swift in Sources */ = {isa = PBXBuildFile; fileRef = B17A33052A21158700031097 /* BannerUITests.swift */; };
		B17A33082A21158700031097 /* BannerUITestsLaunchTests.swift in Sources */ = {isa = PBXBuildFile; fileRef = B17A33072A21158700031097 /* BannerUITestsLaunchTests.swift */; };
		B17A33172A211A0D00031097 /* R.generated.swift in Sources */ = {isa = PBXBuildFile; fileRef = B17A33162A211A0D00031097 /* R.generated.swift */; };
		C25AEB5E6BB0A7E7D0A9A252 /* Pods_BannerTests.framework in Frameworks */ = {isa = PBXBuildFile; fileRef = DB2686D16EA2B6BA55B83302 /* Pods_BannerTests.framework */; };
/* End PBXBuildFile section */

/* Begin PBXContainerItemProxy section */
		B17A32F82A21158700031097 /* PBXContainerItemProxy */ = {
			isa = PBXContainerItemProxy;
			containerPortal = B17A32D92A21158600031097 /* Project object */;
			proxyType = 1;
			remoteGlobalIDString = B17A32E02A21158600031097;
			remoteInfo = Banner;
		};
		B17A33022A21158700031097 /* PBXContainerItemProxy */ = {
			isa = PBXContainerItemProxy;
			containerPortal = B17A32D92A21158600031097 /* Project object */;
			proxyType = 1;
			remoteGlobalIDString = B17A32E02A21158600031097;
			remoteInfo = Banner;
		};
/* End PBXContainerItemProxy section */

/* Begin PBXFileReference section */
		023974BF2FDE3B02532D1A91 /* Pods-BannerTests.release.xcconfig */ = {isa = PBXFileReference; includeInIndex = 1; lastKnownFileType = text.xcconfig; name = "Pods-BannerTests.release.xcconfig"; path = "Target Support Files/Pods-BannerTests/Pods-BannerTests.release.xcconfig"; sourceTree = "<group>"; };
		1D5057F58A46271105FF6C3A /* Pods-BannerTests.debug.xcconfig */ = {isa = PBXFileReference; includeInIndex = 1; lastKnownFileType = text.xcconfig; name = "Pods-BannerTests.debug.xcconfig"; path = "Target Support Files/Pods-BannerTests/Pods-BannerTests.debug.xcconfig"; sourceTree = "<group>"; };
		6D9DD0B00A6EF77478C1508F /* Pods-Banner.debug.xcconfig */ = {isa = PBXFileReference; includeInIndex = 1; lastKnownFileType = text.xcconfig; name = "Pods-Banner.debug.xcconfig"; path = "Target Support Files/Pods-Banner/Pods-Banner.debug.xcconfig"; sourceTree = "<group>"; };
		A18E691FE69D62D23F5109C5 /* Pods_Banner.framework */ = {isa = PBXFileReference; explicitFileType = wrapper.framework; includeInIndex = 0; path = Pods_Banner.framework; sourceTree = BUILT_PRODUCTS_DIR; };
		B141DF502A211E19004B4EEC /* HomeViewController.swift */ = {isa = PBXFileReference; lastKnownFileType = sourcecode.swift; path = HomeViewController.swift; sourceTree = "<group>"; };
		B141DF512A211E19004B4EEC /* HomeViewController.xib */ = {isa = PBXFileReference; lastKnownFileType = file.xib; path = HomeViewController.xib; sourceTree = "<group>"; };
		B141DF542A212572004B4EEC /* LocationModel.swift */ = {isa = PBXFileReference; lastKnownFileType = sourcecode.swift; path = LocationModel.swift; sourceTree = "<group>"; };
		B141DF562A21A10C004B4EEC /* LocationData.swift */ = {isa = PBXFileReference; lastKnownFileType = sourcecode.swift; path = LocationData.swift; sourceTree = "<group>"; };
		B17A32E12A21158600031097 /* Banner.app */ = {isa = PBXFileReference; explicitFileType = wrapper.application; includeInIndex = 0; path = Banner.app; sourceTree = BUILT_PRODUCTS_DIR; };
		B17A32E42A21158600031097 /* AppDelegate.swift */ = {isa = PBXFileReference; lastKnownFileType = sourcecode.swift; path = AppDelegate.swift; sourceTree = "<group>"; };
		B17A32E62A21158600031097 /* SceneDelegate.swift */ = {isa = PBXFileReference; lastKnownFileType = sourcecode.swift; path = SceneDelegate.swift; sourceTree = "<group>"; };
		B17A32ED2A21158700031097 /* Assets.xcassets */ = {isa = PBXFileReference; lastKnownFileType = folder.assetcatalog; path = Assets.xcassets; sourceTree = "<group>"; };
		B17A32F02A21158700031097 /* Base */ = {isa = PBXFileReference; lastKnownFileType = file.storyboard; name = Base; path = Base.lproj/LaunchScreen.storyboard; sourceTree = "<group>"; };
		B17A32F22A21158700031097 /* Info.plist */ = {isa = PBXFileReference; lastKnownFileType = text.plist.xml; path = Info.plist; sourceTree = "<group>"; };
		B17A32F72A21158700031097 /* BannerTests.xctest */ = {isa = PBXFileReference; explicitFileType = wrapper.cfbundle; includeInIndex = 0; path = BannerTests.xctest; sourceTree = BUILT_PRODUCTS_DIR; };
		B17A32FB2A21158700031097 /* BannerTests.swift */ = {isa = PBXFileReference; lastKnownFileType = sourcecode.swift; path = BannerTests.swift; sourceTree = "<group>"; };
		B17A33012A21158700031097 /* BannerUITests.xctest */ = {isa = PBXFileReference; explicitFileType = wrapper.cfbundle; includeInIndex = 0; path = BannerUITests.xctest; sourceTree = BUILT_PRODUCTS_DIR; };
		B17A33052A21158700031097 /* BannerUITests.swift */ = {isa = PBXFileReference; lastKnownFileType = sourcecode.swift; path = BannerUITests.swift; sourceTree = "<group>"; };
		B17A33072A21158700031097 /* BannerUITestsLaunchTests.swift */ = {isa = PBXFileReference; lastKnownFileType = sourcecode.swift; path = BannerUITestsLaunchTests.swift; sourceTree = "<group>"; };
		B17A33162A211A0D00031097 /* R.generated.swift */ = {isa = PBXFileReference; fileEncoding = 4; lastKnownFileType = sourcecode.swift; path = R.generated.swift; sourceTree = "<group>"; };
		DB2686D16EA2B6BA55B83302 /* Pods_BannerTests.framework */ = {isa = PBXFileReference; explicitFileType = wrapper.framework; includeInIndex = 0; path = Pods_BannerTests.framework; sourceTree = BUILT_PRODUCTS_DIR; };
		E0F950AF384F401E731DC6E0 /* Pods-Banner-BannerUITests.debug.xcconfig */ = {isa = PBXFileReference; includeInIndex = 1; lastKnownFileType = text.xcconfig; name = "Pods-Banner-BannerUITests.debug.xcconfig"; path = "Target Support Files/Pods-Banner-BannerUITests/Pods-Banner-BannerUITests.debug.xcconfig"; sourceTree = "<group>"; };
		E8DFCC18112B0B8D09E20D2C /* Pods-Banner.release.xcconfig */ = {isa = PBXFileReference; includeInIndex = 1; lastKnownFileType = text.xcconfig; name = "Pods-Banner.release.xcconfig"; path = "Target Support Files/Pods-Banner/Pods-Banner.release.xcconfig"; sourceTree = "<group>"; };
		EDB521ACAC6F667300E1EDDF /* Pods-Banner-BannerUITests.release.xcconfig */ = {isa = PBXFileReference; includeInIndex = 1; lastKnownFileType = text.xcconfig; name = "Pods-Banner-BannerUITests.release.xcconfig"; path = "Target Support Files/Pods-Banner-BannerUITests/Pods-Banner-BannerUITests.release.xcconfig"; sourceTree = "<group>"; };
		FC3498BA44755F1100FBCD0B /* Pods_Banner_BannerUITests.framework */ = {isa = PBXFileReference; explicitFileType = wrapper.framework; includeInIndex = 0; path = Pods_Banner_BannerUITests.framework; sourceTree = BUILT_PRODUCTS_DIR; };
/* End PBXFileReference section */

/* Begin PBXFrameworksBuildPhase section */
		B17A32DE2A21158600031097 /* Frameworks */ = {
			isa = PBXFrameworksBuildPhase;
			buildActionMask = 2147483647;
			files = (
				27F9EBAA7D836327D18226D7 /* Pods_Banner.framework in Frameworks */,
			);
			runOnlyForDeploymentPostprocessing = 0;
		};
		B17A32F42A21158700031097 /* Frameworks */ = {
			isa = PBXFrameworksBuildPhase;
			buildActionMask = 2147483647;
			files = (
				C25AEB5E6BB0A7E7D0A9A252 /* Pods_BannerTests.framework in Frameworks */,
			);
			runOnlyForDeploymentPostprocessing = 0;
		};
		B17A32FE2A21158700031097 /* Frameworks */ = {
			isa = PBXFrameworksBuildPhase;
			buildActionMask = 2147483647;
			files = (
				3AB68B649AF1FEC6FF65E8BC /* Pods_Banner_BannerUITests.framework in Frameworks */,
			);
			runOnlyForDeploymentPostprocessing = 0;
		};
/* End PBXFrameworksBuildPhase section */

/* Begin PBXGroup section */
		4BD95AE5706307ABCCD6E335 /* Frameworks */ = {
			isa = PBXGroup;
			children = (
				A18E691FE69D62D23F5109C5 /* Pods_Banner.framework */,
				FC3498BA44755F1100FBCD0B /* Pods_Banner_BannerUITests.framework */,
				DB2686D16EA2B6BA55B83302 /* Pods_BannerTests.framework */,
			);
			name = Frameworks;
			sourceTree = "<group>";
		};
		B17A32D82A21158600031097 = {
			isa = PBXGroup;
			children = (
				B17A33162A211A0D00031097 /* R.generated.swift */,
				B17A32E32A21158600031097 /* Banner */,
				B17A32FA2A21158700031097 /* BannerTests */,
				B17A33042A21158700031097 /* BannerUITests */,
				B17A32E22A21158600031097 /* Products */,
				F3AD0FD5B88AFB9088B2D47D /* Pods */,
				4BD95AE5706307ABCCD6E335 /* Frameworks */,
			);
			sourceTree = "<group>";
		};
		B17A32E22A21158600031097 /* Products */ = {
			isa = PBXGroup;
			children = (
				B17A32E12A21158600031097 /* Banner.app */,
				B17A32F72A21158700031097 /* BannerTests.xctest */,
				B17A33012A21158700031097 /* BannerUITests.xctest */,
			);
			name = Products;
			sourceTree = "<group>";
		};
		B17A32E32A21158600031097 /* Banner */ = {
			isa = PBXGroup;
			children = (
				B17A32E42A21158600031097 /* AppDelegate.swift */,
				B17A32E62A21158600031097 /* SceneDelegate.swift */,
				B17A32ED2A21158700031097 /* Assets.xcassets */,
				B17A32EF2A21158700031097 /* LaunchScreen.storyboard */,
				B17A32F22A21158700031097 /* Info.plist */,
				B141DF502A211E19004B4EEC /* HomeViewController.swift */,
				B141DF512A211E19004B4EEC /* HomeViewController.xib */,
				B141DF542A212572004B4EEC /* LocationModel.swift */,
				B141DF562A21A10C004B4EEC /* LocationData.swift */,
			);
			path = Banner;
			sourceTree = "<group>";
		};
		B17A32FA2A21158700031097 /* BannerTests */ = {
			isa = PBXGroup;
			children = (
				B17A32FB2A21158700031097 /* BannerTests.swift */,
			);
			path = BannerTests;
			sourceTree = "<group>";
		};
		B17A33042A21158700031097 /* BannerUITests */ = {
			isa = PBXGroup;
			children = (
				B17A33052A21158700031097 /* BannerUITests.swift */,
				B17A33072A21158700031097 /* BannerUITestsLaunchTests.swift */,
			);
			path = BannerUITests;
			sourceTree = "<group>";
		};
		F3AD0FD5B88AFB9088B2D47D /* Pods */ = {
			isa = PBXGroup;
			children = (
				6D9DD0B00A6EF77478C1508F /* Pods-Banner.debug.xcconfig */,
				E8DFCC18112B0B8D09E20D2C /* Pods-Banner.release.xcconfig */,
				E0F950AF384F401E731DC6E0 /* Pods-Banner-BannerUITests.debug.xcconfig */,
				EDB521ACAC6F667300E1EDDF /* Pods-Banner-BannerUITests.release.xcconfig */,
				1D5057F58A46271105FF6C3A /* Pods-BannerTests.debug.xcconfig */,
				023974BF2FDE3B02532D1A91 /* Pods-BannerTests.release.xcconfig */,
			);
			path = Pods;
			sourceTree = "<group>";
		};
/* End PBXGroup section */

/* Begin PBXNativeTarget section */
		B17A32E02A21158600031097 /* Banner */ = {
			isa = PBXNativeTarget;
			buildConfigurationList = B17A330B2A21158700031097 /* Build configuration list for PBXNativeTarget "Banner" */;
			buildPhases = (
				4E2F6C8E58BDAB7942A8F7E1 /* [CP] Check Pods Manifest.lock */,
				B17A33142A21187800031097 /* R.Swift */,
				B17A32DD2A21158600031097 /* Sources */,
				B17A32DE2A21158600031097 /* Frameworks */,
				B17A32DF2A21158600031097 /* Resources */,
				42C99AFAAF26FF95E664CD5C /* [CP] Embed Pods Frameworks */,
				B17A33152A21196E00031097 /* SwiftLint */,
			);
			buildRules = (
			);
			dependencies = (
			);
			name = Banner;
			productName = Banner;
			productReference = B17A32E12A21158600031097 /* Banner.app */;
			productType = "com.apple.product-type.application";
		};
		B17A32F62A21158700031097 /* BannerTests */ = {
			isa = PBXNativeTarget;
			buildConfigurationList = B17A330E2A21158700031097 /* Build configuration list for PBXNativeTarget "BannerTests" */;
			buildPhases = (
				6F00107492D7851334601A0B /* [CP] Check Pods Manifest.lock */,
				B17A32F32A21158700031097 /* Sources */,
				B17A32F42A21158700031097 /* Frameworks */,
				B17A32F52A21158700031097 /* Resources */,
			);
			buildRules = (
			);
			dependencies = (
				B17A32F92A21158700031097 /* PBXTargetDependency */,
			);
			name = BannerTests;
			productName = BannerTests;
			productReference = B17A32F72A21158700031097 /* BannerTests.xctest */;
			productType = "com.apple.product-type.bundle.unit-test";
		};
		B17A33002A21158700031097 /* BannerUITests */ = {
			isa = PBXNativeTarget;
			buildConfigurationList = B17A33112A21158700031097 /* Build configuration list for PBXNativeTarget "BannerUITests" */;
			buildPhases = (
				B124182EAB1679F37474E990 /* [CP] Check Pods Manifest.lock */,
				B17A32FD2A21158700031097 /* Sources */,
				B17A32FE2A21158700031097 /* Frameworks */,
				B17A32FF2A21158700031097 /* Resources */,
				E9F3AD98E2D8CC71B6C053C1 /* [CP] Embed Pods Frameworks */,
			);
			buildRules = (
			);
			dependencies = (
				B17A33032A21158700031097 /* PBXTargetDependency */,
			);
			name = BannerUITests;
			productName = BannerUITests;
			productReference = B17A33012A21158700031097 /* BannerUITests.xctest */;
			productType = "com.apple.product-type.bundle.ui-testing";
		};
/* End PBXNativeTarget section */

/* Begin PBXProject section */
		B17A32D92A21158600031097 /* Project object */ = {
			isa = PBXProject;
			attributes = {
				BuildIndependentTargetsInParallel = 1;
				LastSwiftUpdateCheck = 1430;
				LastUpgradeCheck = 1430;
				TargetAttributes = {
					B17A32E02A21158600031097 = {
						CreatedOnToolsVersion = 14.3;
					};
					B17A32F62A21158700031097 = {
						CreatedOnToolsVersion = 14.3;
						TestTargetID = B17A32E02A21158600031097;
					};
					B17A33002A21158700031097 = {
						CreatedOnToolsVersion = 14.3;
						TestTargetID = B17A32E02A21158600031097;
					};
				};
			};
			buildConfigurationList = B17A32DC2A21158600031097 /* Build configuration list for PBXProject "Banner" */;
			compatibilityVersion = "Xcode 14.0";
			developmentRegion = en;
			hasScannedForEncodings = 0;
			knownRegions = (
				en,
				Base,
			);
			mainGroup = B17A32D82A21158600031097;
			productRefGroup = B17A32E22A21158600031097 /* Products */;
			projectDirPath = "";
			projectRoot = "";
			targets = (
				B17A32E02A21158600031097 /* Banner */,
				B17A32F62A21158700031097 /* BannerTests */,
				B17A33002A21158700031097 /* BannerUITests */,
			);
		};
/* End PBXProject section */

/* Begin PBXResourcesBuildPhase section */
		B17A32DF2A21158600031097 /* Resources */ = {
			isa = PBXResourcesBuildPhase;
			buildActionMask = 2147483647;
			files = (
				B17A32F12A21158700031097 /* LaunchScreen.storyboard in Resources */,
				B17A32EE2A21158700031097 /* Assets.xcassets in Resources */,
				B141DF532A211E19004B4EEC /* HomeViewController.xib in Resources */,
			);
			runOnlyForDeploymentPostprocessing = 0;
		};
		B17A32F52A21158700031097 /* Resources */ = {
			isa = PBXResourcesBuildPhase;
			buildActionMask = 2147483647;
			files = (
			);
			runOnlyForDeploymentPostprocessing = 0;
		};
		B17A32FF2A21158700031097 /* Resources */ = {
			isa = PBXResourcesBuildPhase;
			buildActionMask = 2147483647;
			files = (
			);
			runOnlyForDeploymentPostprocessing = 0;
		};
/* End PBXResourcesBuildPhase section */

/* Begin PBXShellScriptBuildPhase section */
		42C99AFAAF26FF95E664CD5C /* [CP] Embed Pods Frameworks */ = {
			isa = PBXShellScriptBuildPhase;
			buildActionMask = 2147483647;
			files = (
			);
			inputFileListPaths = (
				"${PODS_ROOT}/Target Support Files/Pods-Banner/Pods-Banner-frameworks-${CONFIGURATION}-input-files.xcfilelist",
			);
			name = "[CP] Embed Pods Frameworks";
			outputFileListPaths = (
				"${PODS_ROOT}/Target Support Files/Pods-Banner/Pods-Banner-frameworks-${CONFIGURATION}-output-files.xcfilelist",
			);
			runOnlyForDeploymentPostprocessing = 0;
			shellPath = /bin/sh;
			shellScript = "\"${PODS_ROOT}/Target Support Files/Pods-Banner/Pods-Banner-frameworks.sh\"\n";
			showEnvVarsInLog = 0;
		};
		4E2F6C8E58BDAB7942A8F7E1 /* [CP] Check Pods Manifest.lock */ = {
			isa = PBXShellScriptBuildPhase;
			buildActionMask = 2147483647;
			files = (
			);
			inputFileListPaths = (
			);
			inputPaths = (
				"${PODS_PODFILE_DIR_PATH}/Podfile.lock",
				"${PODS_ROOT}/Manifest.lock",
			);
			name = "[CP] Check Pods Manifest.lock";
			outputFileListPaths = (
			);
			outputPaths = (
				"$(DERIVED_FILE_DIR)/Pods-Banner-checkManifestLockResult.txt",
			);
			runOnlyForDeploymentPostprocessing = 0;
			shellPath = /bin/sh;
			shellScript = "diff \"${PODS_PODFILE_DIR_PATH}/Podfile.lock\" \"${PODS_ROOT}/Manifest.lock\" > /dev/null\nif [ $? != 0 ] ; then\n    # print error to STDERR\n    echo \"error: The sandbox is not in sync with the Podfile.lock. Run 'pod install' or update your CocoaPods installation.\" >&2\n    exit 1\nfi\n# This output is used by Xcode 'outputs' to avoid re-running this script phase.\necho \"SUCCESS\" > \"${SCRIPT_OUTPUT_FILE_0}\"\n";
			showEnvVarsInLog = 0;
		};
		6F00107492D7851334601A0B /* [CP] Check Pods Manifest.lock */ = {
			isa = PBXShellScriptBuildPhase;
			buildActionMask = 2147483647;
			files = (
			);
			inputFileListPaths = (
			);
			inputPaths = (
				"${PODS_PODFILE_DIR_PATH}/Podfile.lock",
				"${PODS_ROOT}/Manifest.lock",
			);
			name = "[CP] Check Pods Manifest.lock";
			outputFileListPaths = (
			);
			outputPaths = (
				"$(DERIVED_FILE_DIR)/Pods-BannerTests-checkManifestLockResult.txt",
			);
			runOnlyForDeploymentPostprocessing = 0;
			shellPath = /bin/sh;
			shellScript = "diff \"${PODS_PODFILE_DIR_PATH}/Podfile.lock\" \"${PODS_ROOT}/Manifest.lock\" > /dev/null\nif [ $? != 0 ] ; then\n    # print error to STDERR\n    echo \"error: The sandbox is not in sync with the Podfile.lock. Run 'pod install' or update your CocoaPods installation.\" >&2\n    exit 1\nfi\n# This output is used by Xcode 'outputs' to avoid re-running this script phase.\necho \"SUCCESS\" > \"${SCRIPT_OUTPUT_FILE_0}\"\n";
			showEnvVarsInLog = 0;
		};
		B124182EAB1679F37474E990 /* [CP] Check Pods Manifest.lock */ = {
			isa = PBXShellScriptBuildPhase;
			buildActionMask = 2147483647;
			files = (
			);
			inputFileListPaths = (
			);
			inputPaths = (
				"${PODS_PODFILE_DIR_PATH}/Podfile.lock",
				"${PODS_ROOT}/Manifest.lock",
			);
			name = "[CP] Check Pods Manifest.lock";
			outputFileListPaths = (
			);
			outputPaths = (
				"$(DERIVED_FILE_DIR)/Pods-Banner-BannerUITests-checkManifestLockResult.txt",
			);
			runOnlyForDeploymentPostprocessing = 0;
			shellPath = /bin/sh;
			shellScript = "diff \"${PODS_PODFILE_DIR_PATH}/Podfile.lock\" \"${PODS_ROOT}/Manifest.lock\" > /dev/null\nif [ $? != 0 ] ; then\n    # print error to STDERR\n    echo \"error: The sandbox is not in sync with the Podfile.lock. Run 'pod install' or update your CocoaPods installation.\" >&2\n    exit 1\nfi\n# This output is used by Xcode 'outputs' to avoid re-running this script phase.\necho \"SUCCESS\" > \"${SCRIPT_OUTPUT_FILE_0}\"\n";
			showEnvVarsInLog = 0;
		};
		B17A33142A21187800031097 /* R.Swift */ = {
			isa = PBXShellScriptBuildPhase;
			alwaysOutOfDate = 1;
			buildActionMask = 2147483647;
			files = (
			);
			inputFileListPaths = (
			);
			inputPaths = (
				"$TEMP_DIR/rswift-lastrun",
			);
			name = R.Swift;
			outputFileListPaths = (
			);
			outputPaths = (
				$SRCROOT/R.generated.swift,
			);
			runOnlyForDeploymentPostprocessing = 0;
			shellPath = /bin/sh;
			shellScript = "# Type a script or drag a script file from your workspace to insert its path.\n\"$PODS_ROOT/R.swift/rswift\" generate \"$SRCROOT/R.generated.swift\"\n";
		};
		B17A33152A21196E00031097 /* SwiftLint */ = {
			isa = PBXShellScriptBuildPhase;
			alwaysOutOfDate = 1;
			buildActionMask = 2147483647;
			files = (
			);
			inputFileListPaths = (
			);
			inputPaths = (
			);
			name = SwiftLint;
			outputFileListPaths = (
			);
			outputPaths = (
			);
			runOnlyForDeploymentPostprocessing = 0;
			shellPath = /bin/sh;
			shellScript = "if which swiftlint >/dev/null; then\n  swiftlint\nelse\n  echo \"SwiftLint does not exist, download from https://github.com/realm/SwiftLint\"\nfi\n";
		};
		E9F3AD98E2D8CC71B6C053C1 /* [CP] Embed Pods Frameworks */ = {
			isa = PBXShellScriptBuildPhase;
			buildActionMask = 2147483647;
			files = (
			);
			inputFileListPaths = (
				"${PODS_ROOT}/Target Support Files/Pods-Banner-BannerUITests/Pods-Banner-BannerUITests-frameworks-${CONFIGURATION}-input-files.xcfilelist",
			);
			name = "[CP] Embed Pods Frameworks";
			outputFileListPaths = (
				"${PODS_ROOT}/Target Support Files/Pods-Banner-BannerUITests/Pods-Banner-BannerUITests-frameworks-${CONFIGURATION}-output-files.xcfilelist",
			);
			runOnlyForDeploymentPostprocessing = 0;
			shellPath = /bin/sh;
			shellScript = "\"${PODS_ROOT}/Target Support Files/Pods-Banner-BannerUITests/Pods-Banner-BannerUITests-frameworks.sh\"\n";
			showEnvVarsInLog = 0;
		};
/* End PBXShellScriptBuildPhase section */

/* Begin PBXSourcesBuildPhase section */
		B17A32DD2A21158600031097 /* Sources */ = {
			isa = PBXSourcesBuildPhase;
			buildActionMask = 2147483647;
			files = (
				B141DF572A21A10C004B4EEC /* LocationData.swift in Sources */,
				B17A32E52A21158600031097 /* AppDelegate.swift in Sources */,
				B17A32E72A21158600031097 /* SceneDelegate.swift in Sources */,
				B17A33172A211A0D00031097 /* R.generated.swift in Sources */,
				B141DF552A212572004B4EEC /* LocationModel.swift in Sources */,
				B141DF522A211E19004B4EEC /* HomeViewController.swift in Sources */,
			);
			runOnlyForDeploymentPostprocessing = 0;
		};
		B17A32F32A21158700031097 /* Sources */ = {
			isa = PBXSourcesBuildPhase;
			buildActionMask = 2147483647;
			files = (
				B17A32FC2A21158700031097 /* BannerTests.swift in Sources */,
			);
			runOnlyForDeploymentPostprocessing = 0;
		};
		B17A32FD2A21158700031097 /* Sources */ = {
			isa = PBXSourcesBuildPhase;
			buildActionMask = 2147483647;
			files = (
				B17A33082A21158700031097 /* BannerUITestsLaunchTests.swift in Sources */,
				B17A33062A21158700031097 /* BannerUITests.swift in Sources */,
			);
			runOnlyForDeploymentPostprocessing = 0;
		};
/* End PBXSourcesBuildPhase section */

/* Begin PBXTargetDependency section */
		B17A32F92A21158700031097 /* PBXTargetDependency */ = {
			isa = PBXTargetDependency;
			target = B17A32E02A21158600031097 /* Banner */;
			targetProxy = B17A32F82A21158700031097 /* PBXContainerItemProxy */;
		};
		B17A33032A21158700031097 /* PBXTargetDependency */ = {
			isa = PBXTargetDependency;
			target = B17A32E02A21158600031097 /* Banner */;
			targetProxy = B17A33022A21158700031097 /* PBXContainerItemProxy */;
		};
/* End PBXTargetDependency section */

/* Begin PBXVariantGroup section */
		B17A32EF2A21158700031097 /* LaunchScreen.storyboard */ = {
			isa = PBXVariantGroup;
			children = (
				B17A32F02A21158700031097 /* Base */,
			);
			name = LaunchScreen.storyboard;
			sourceTree = "<group>";
		};
/* End PBXVariantGroup section */

/* Begin XCBuildConfiguration section */
		B17A33092A21158700031097 /* Debug */ = {
			isa = XCBuildConfiguration;
			buildSettings = {
				ALWAYS_SEARCH_USER_PATHS = NO;
				CLANG_ANALYZER_NONNULL = YES;
				CLANG_ANALYZER_NUMBER_OBJECT_CONVERSION = YES_AGGRESSIVE;
				CLANG_CXX_LANGUAGE_STANDARD = "gnu++20";
				CLANG_ENABLE_MODULES = YES;
				CLANG_ENABLE_OBJC_ARC = YES;
				CLANG_ENABLE_OBJC_WEAK = YES;
				CLANG_WARN_BLOCK_CAPTURE_AUTORELEASING = YES;
				CLANG_WARN_BOOL_CONVERSION = YES;
				CLANG_WARN_COMMA = YES;
				CLANG_WARN_CONSTANT_CONVERSION = YES;
				CLANG_WARN_DEPRECATED_OBJC_IMPLEMENTATIONS = YES;
				CLANG_WARN_DIRECT_OBJC_ISA_USAGE = YES_ERROR;
				CLANG_WARN_DOCUMENTATION_COMMENTS = YES;
				CLANG_WARN_EMPTY_BODY = YES;
				CLANG_WARN_ENUM_CONVERSION = YES;
				CLANG_WARN_INFINITE_RECURSION = YES;
				CLANG_WARN_INT_CONVERSION = YES;
				CLANG_WARN_NON_LITERAL_NULL_CONVERSION = YES;
				CLANG_WARN_OBJC_IMPLICIT_RETAIN_SELF = YES;
				CLANG_WARN_OBJC_LITERAL_CONVERSION = YES;
				CLANG_WARN_OBJC_ROOT_CLASS = YES_ERROR;
				CLANG_WARN_QUOTED_INCLUDE_IN_FRAMEWORK_HEADER = YES;
				CLANG_WARN_RANGE_LOOP_ANALYSIS = YES;
				CLANG_WARN_STRICT_PROTOTYPES = YES;
				CLANG_WARN_SUSPICIOUS_MOVE = YES;
				CLANG_WARN_UNGUARDED_AVAILABILITY = YES_AGGRESSIVE;
				CLANG_WARN_UNREACHABLE_CODE = YES;
				CLANG_WARN__DUPLICATE_METHOD_MATCH = YES;
				COPY_PHASE_STRIP = NO;
				DEBUG_INFORMATION_FORMAT = dwarf;
				ENABLE_STRICT_OBJC_MSGSEND = YES;
				ENABLE_TESTABILITY = YES;
				GCC_C_LANGUAGE_STANDARD = gnu11;
				GCC_DYNAMIC_NO_PIC = NO;
				GCC_NO_COMMON_BLOCKS = YES;
				GCC_OPTIMIZATION_LEVEL = 0;
				GCC_PREPROCESSOR_DEFINITIONS = (
					"DEBUG=1",
					"$(inherited)",
				);
				GCC_WARN_64_TO_32_BIT_CONVERSION = YES;
				GCC_WARN_ABOUT_RETURN_TYPE = YES_ERROR;
				GCC_WARN_UNDECLARED_SELECTOR = YES;
				GCC_WARN_UNINITIALIZED_AUTOS = YES_AGGRESSIVE;
				GCC_WARN_UNUSED_FUNCTION = YES;
				GCC_WARN_UNUSED_VARIABLE = YES;
				IPHONEOS_DEPLOYMENT_TARGET = 16.4;
				MTL_ENABLE_DEBUG_INFO = INCLUDE_SOURCE;
				MTL_FAST_MATH = YES;
				ONLY_ACTIVE_ARCH = YES;
				SDKROOT = iphoneos;
				SWIFT_ACTIVE_COMPILATION_CONDITIONS = DEBUG;
				SWIFT_OPTIMIZATION_LEVEL = "-Onone";
			};
			name = Debug;
		};
		B17A330A2A21158700031097 /* Release */ = {
			isa = XCBuildConfiguration;
			buildSettings = {
				ALWAYS_SEARCH_USER_PATHS = NO;
				CLANG_ANALYZER_NONNULL = YES;
				CLANG_ANALYZER_NUMBER_OBJECT_CONVERSION = YES_AGGRESSIVE;
				CLANG_CXX_LANGUAGE_STANDARD = "gnu++20";
				CLANG_ENABLE_MODULES = YES;
				CLANG_ENABLE_OBJC_ARC = YES;
				CLANG_ENABLE_OBJC_WEAK = YES;
				CLANG_WARN_BLOCK_CAPTURE_AUTORELEASING = YES;
				CLANG_WARN_BOOL_CONVERSION = YES;
				CLANG_WARN_COMMA = YES;
				CLANG_WARN_CONSTANT_CONVERSION = YES;
				CLANG_WARN_DEPRECATED_OBJC_IMPLEMENTATIONS = YES;
				CLANG_WARN_DIRECT_OBJC_ISA_USAGE = YES_ERROR;
				CLANG_WARN_DOCUMENTATION_COMMENTS = YES;
				CLANG_WARN_EMPTY_BODY = YES;
				CLANG_WARN_ENUM_CONVERSION = YES;
				CLANG_WARN_INFINITE_RECURSION = YES;
				CLANG_WARN_INT_CONVERSION = YES;
				CLANG_WARN_NON_LITERAL_NULL_CONVERSION = YES;
				CLANG_WARN_OBJC_IMPLICIT_RETAIN_SELF = YES;
				CLANG_WARN_OBJC_LITERAL_CONVERSION = YES;
				CLANG_WARN_OBJC_ROOT_CLASS = YES_ERROR;
				CLANG_WARN_QUOTED_INCLUDE_IN_FRAMEWORK_HEADER = YES;
				CLANG_WARN_RANGE_LOOP_ANALYSIS = YES;
				CLANG_WARN_STRICT_PROTOTYPES = YES;
				CLANG_WARN_SUSPICIOUS_MOVE = YES;
				CLANG_WARN_UNGUARDED_AVAILABILITY = YES_AGGRESSIVE;
				CLANG_WARN_UNREACHABLE_CODE = YES;
				CLANG_WARN__DUPLICATE_METHOD_MATCH = YES;
				COPY_PHASE_STRIP = NO;
				DEBUG_INFORMATION_FORMAT = "dwarf-with-dsym";
				ENABLE_NS_ASSERTIONS = NO;
				ENABLE_STRICT_OBJC_MSGSEND = YES;
				GCC_C_LANGUAGE_STANDARD = gnu11;
				GCC_NO_COMMON_BLOCKS = YES;
				GCC_WARN_64_TO_32_BIT_CONVERSION = YES;
				GCC_WARN_ABOUT_RETURN_TYPE = YES_ERROR;
				GCC_WARN_UNDECLARED_SELECTOR = YES;
				GCC_WARN_UNINITIALIZED_AUTOS = YES_AGGRESSIVE;
				GCC_WARN_UNUSED_FUNCTION = YES;
				GCC_WARN_UNUSED_VARIABLE = YES;
				IPHONEOS_DEPLOYMENT_TARGET = 16.4;
				MTL_ENABLE_DEBUG_INFO = NO;
				MTL_FAST_MATH = YES;
				SDKROOT = iphoneos;
				SWIFT_COMPILATION_MODE = wholemodule;
				SWIFT_OPTIMIZATION_LEVEL = "-O";
				VALIDATE_PRODUCT = YES;
			};
			name = Release;
		};
		B17A330C2A21158700031097 /* Debug */ = {
			isa = XCBuildConfiguration;
			baseConfigurationReference = 6D9DD0B00A6EF77478C1508F /* Pods-Banner.debug.xcconfig */;
			buildSettings = {
				ASSETCATALOG_COMPILER_APPICON_NAME = AppIcon;
				ASSETCATALOG_COMPILER_GLOBAL_ACCENT_COLOR_NAME = AccentColor;
				CODE_SIGN_STYLE = Automatic;
				CURRENT_PROJECT_VERSION = 1;
				DEVELOPMENT_TEAM = SC6CF67RJH;
				GENERATE_INFOPLIST_FILE = YES;
				INFOPLIST_FILE = Banner/Info.plist;
				INFOPLIST_KEY_NSLocationAlwaysAndWhenInUseUsageDescription = "位置情報を取得します。";
				INFOPLIST_KEY_NSLocationWhenInUseUsageDescription = "バックグラウンドで位置情報を取得します。";
				INFOPLIST_KEY_UIApplicationSupportsIndirectInputEvents = YES;
				INFOPLIST_KEY_UILaunchStoryboardName = LaunchScreen;
				INFOPLIST_KEY_UISupportedInterfaceOrientations_iPad = "UIInterfaceOrientationPortrait UIInterfaceOrientationPortraitUpsideDown UIInterfaceOrientationLandscapeLeft UIInterfaceOrientationLandscapeRight";
				INFOPLIST_KEY_UISupportedInterfaceOrientations_iPhone = "UIInterfaceOrientationPortrait UIInterfaceOrientationLandscapeLeft UIInterfaceOrientationLandscapeRight";
				LD_RUNPATH_SEARCH_PATHS = (
					"$(inherited)",
					"@executable_path/Frameworks",
				);
				MARKETING_VERSION = 1.0;
				PRODUCT_BUNDLE_IDENTIFIER = com.keitaro.app.Banner;
				PRODUCT_NAME = "$(TARGET_NAME)";
				SWIFT_EMIT_LOC_STRINGS = YES;
				SWIFT_VERSION = 5.0;
				TARGETED_DEVICE_FAMILY = "1,2";
			};
			name = Debug;
		};
		B17A330D2A21158700031097 /* Release */ = {
			isa = XCBuildConfiguration;
			baseConfigurationReference = E8DFCC18112B0B8D09E20D2C /* Pods-Banner.release.xcconfig */;
			buildSettings = {
				ASSETCATALOG_COMPILER_APPICON_NAME = AppIcon;
				ASSETCATALOG_COMPILER_GLOBAL_ACCENT_COLOR_NAME = AccentColor;
				CODE_SIGN_STYLE = Automatic;
				CURRENT_PROJECT_VERSION = 1;
				DEVELOPMENT_TEAM = SC6CF67RJH;
				GENERATE_INFOPLIST_FILE = YES;
				INFOPLIST_FILE = Banner/Info.plist;
				INFOPLIST_KEY_NSLocationAlwaysAndWhenInUseUsageDescription = "位置情報を取得します。";
				INFOPLIST_KEY_NSLocationWhenInUseUsageDescription = "バックグラウンドで位置情報を取得します。";
				INFOPLIST_KEY_UIApplicationSupportsIndirectInputEvents = YES;
				INFOPLIST_KEY_UILaunchStoryboardName = LaunchScreen;
				INFOPLIST_KEY_UISupportedInterfaceOrientations_iPad = "UIInterfaceOrientationPortrait UIInterfaceOrientationPortraitUpsideDown UIInterfaceOrientationLandscapeLeft UIInterfaceOrientationLandscapeRight";
				INFOPLIST_KEY_UISupportedInterfaceOrientations_iPhone = "UIInterfaceOrientationPortrait UIInterfaceOrientationLandscapeLeft UIInterfaceOrientationLandscapeRight";
				LD_RUNPATH_SEARCH_PATHS = (
					"$(inherited)",
					"@executable_path/Frameworks",
				);
				MARKETING_VERSION = 1.0;
				PRODUCT_BUNDLE_IDENTIFIER = com.keitaro.app.Banner;
				PRODUCT_NAME = "$(TARGET_NAME)";
				SWIFT_EMIT_LOC_STRINGS = YES;
				SWIFT_VERSION = 5.0;
				TARGETED_DEVICE_FAMILY = "1,2";
			};
			name = Release;
		};
		B17A330F2A21158700031097 /* Debug */ = {
			isa = XCBuildConfiguration;
			baseConfigurationReference = 1D5057F58A46271105FF6C3A /* Pods-BannerTests.debug.xcconfig */;
			buildSettings = {
				ALWAYS_EMBED_SWIFT_STANDARD_LIBRARIES = YES;
				BUNDLE_LOADER = "$(TEST_HOST)";
				CODE_SIGN_STYLE = Automatic;
				CURRENT_PROJECT_VERSION = 1;
				DEVELOPMENT_TEAM = SC6CF67RJH;
				GENERATE_INFOPLIST_FILE = YES;
				IPHONEOS_DEPLOYMENT_TARGET = 16.4;
				MARKETING_VERSION = 1.0;
				PRODUCT_BUNDLE_IDENTIFIER = com.keitaro.app.BannerTests;
				PRODUCT_NAME = "$(TARGET_NAME)";
				SWIFT_EMIT_LOC_STRINGS = NO;
				SWIFT_VERSION = 5.0;
				TARGETED_DEVICE_FAMILY = "1,2";
				TEST_HOST = "$(BUILT_PRODUCTS_DIR)/Banner.app/$(BUNDLE_EXECUTABLE_FOLDER_PATH)/Banner";
			};
			name = Debug;
		};
		B17A33102A21158700031097 /* Release */ = {
			isa = XCBuildConfiguration;
			baseConfigurationReference = 023974BF2FDE3B02532D1A91 /* Pods-BannerTests.release.xcconfig */;
			buildSettings = {
				ALWAYS_EMBED_SWIFT_STANDARD_LIBRARIES = YES;
				BUNDLE_LOADER = "$(TEST_HOST)";
				CODE_SIGN_STYLE = Automatic;
				CURRENT_PROJECT_VERSION = 1;
				DEVELOPMENT_TEAM = SC6CF67RJH;
				GENERATE_INFOPLIST_FILE = YES;
				IPHONEOS_DEPLOYMENT_TARGET = 16.4;
				MARKETING_VERSION = 1.0;
				PRODUCT_BUNDLE_IDENTIFIER = com.keitaro.app.BannerTests;
				PRODUCT_NAME = "$(TARGET_NAME)";
				SWIFT_EMIT_LOC_STRINGS = NO;
				SWIFT_VERSION = 5.0;
				TARGETED_DEVICE_FAMILY = "1,2";
				TEST_HOST = "$(BUILT_PRODUCTS_DIR)/Banner.app/$(BUNDLE_EXECUTABLE_FOLDER_PATH)/Banner";
			};
			name = Release;
		};
		B17A33122A21158700031097 /* Debug */ = {
			isa = XCBuildConfiguration;
			baseConfigurationReference = E0F950AF384F401E731DC6E0 /* Pods-Banner-BannerUITests.debug.xcconfig */;
			buildSettings = {
				ALWAYS_EMBED_SWIFT_STANDARD_LIBRARIES = YES;
				CODE_SIGN_STYLE = Automatic;
				CURRENT_PROJECT_VERSION = 1;
				DEVELOPMENT_TEAM = SC6CF67RJH;
				GENERATE_INFOPLIST_FILE = YES;
				MARKETING_VERSION = 1.0;
				PRODUCT_BUNDLE_IDENTIFIER = com.keitaro.app.BannerUITests;
				PRODUCT_NAME = "$(TARGET_NAME)";
				SWIFT_EMIT_LOC_STRINGS = NO;
				SWIFT_VERSION = 5.0;
				TARGETED_DEVICE_FAMILY = "1,2";
				TEST_TARGET_NAME = Banner;
			};
			name = Debug;
		};
		B17A33132A21158700031097 /* Release */ = {
			isa = XCBuildConfiguration;
			baseConfigurationReference = EDB521ACAC6F667300E1EDDF /* Pods-Banner-BannerUITests.release.xcconfig */;
			buildSettings = {
				ALWAYS_EMBED_SWIFT_STANDARD_LIBRARIES = YES;
				CODE_SIGN_STYLE = Automatic;
				CURRENT_PROJECT_VERSION = 1;
				DEVELOPMENT_TEAM = SC6CF67RJH;
				GENERATE_INFOPLIST_FILE = YES;
				MARKETING_VERSION = 1.0;
				PRODUCT_BUNDLE_IDENTIFIER = com.keitaro.app.BannerUITests;
				PRODUCT_NAME = "$(TARGET_NAME)";
				SWIFT_EMIT_LOC_STRINGS = NO;
				SWIFT_VERSION = 5.0;
				TARGETED_DEVICE_FAMILY = "1,2";
				TEST_TARGET_NAME = Banner;
			};
			name = Release;
		};
/* End XCBuildConfiguration section */

/* Begin XCConfigurationList section */
		B17A32DC2A21158600031097 /* Build configuration list for PBXProject "Banner" */ = {
			isa = XCConfigurationList;
			buildConfigurations = (
				B17A33092A21158700031097 /* Debug */,
				B17A330A2A21158700031097 /* Release */,
			);
			defaultConfigurationIsVisible = 0;
			defaultConfigurationName = Release;
		};
		B17A330B2A21158700031097 /* Build configuration list for PBXNativeTarget "Banner" */ = {
			isa = XCConfigurationList;
			buildConfigurations = (
				B17A330C2A21158700031097 /* Debug */,
				B17A330D2A21158700031097 /* Release */,
			);
			defaultConfigurationIsVisible = 0;
			defaultConfigurationName = Release;
		};
		B17A330E2A21158700031097 /* Build configuration list for PBXNativeTarget "BannerTests" */ = {
			isa = XCConfigurationList;
			buildConfigurations = (
				B17A330F2A21158700031097 /* Debug */,
				B17A33102A21158700031097 /* Release */,
			);
			defaultConfigurationIsVisible = 0;
			defaultConfigurationName = Release;
		};
		B17A33112A21158700031097 /* Build configuration list for PBXNativeTarget "BannerUITests" */ = {
			isa = XCConfigurationList;
			buildConfigurations = (
				B17A33122A21158700031097 /* Debug */,
				B17A33132A21158700031097 /* Release */,
			);
			defaultConfigurationIsVisible = 0;
			defaultConfigurationName = Release;
		};
/* End XCConfigurationList section */
	};
	rootObject = B17A32D92A21158600031097 /* Project object */;
}
